
Microsoft Visual Studio Solution File, Format Version 12.00
# Visual Studio 15
Project("{FAE04EC0-301F-11D3-BF4B-00C04F79EFBC}") = "Assembly-CSharp", "Assembly-CSharp.csproj", "{A37E12ED-098B-9BED-BCB8-F18FB3F7071C}"
EndProject
Project("{FAE04EC0-301F-11D3-BF4B-00C04F79EFBC}") = "Assembly-CSharp-firstpass", "Assembly-CSharp-firstpass.csproj", "{2FBECB2B-80BC-18F4-2E02-63E7B31D072A}"
EndProject
Project("{FAE04EC0-301F-11D3-BF4B-00C04F79EFBC}") = "Assembly-CSharp-Editor", "Assembly-CSharp-Editor.csproj", "{B6EF9082-B5E4-782F-C980-AA60F83713E1}"
EndProject
Project("{FAE04EC0-301F-11D3-BF4B-00C04F79EFBC}") = "Assembly-CSharp-Editor-firstpass", "Assembly-CSharp-Editor-firstpass.csproj", "{D6F88116-7FEC-B0C1-008B-42A73904A21D}"
EndProject
Global
	GlobalSection(SolutionConfigurationPlatforms) = preSolution
		Debug|Any CPU = Debug|Any CPU
		Release|Any CPU = Release|Any CPU
	EndGlobalSection
	GlobalSection(ProjectConfigurationPlatforms) = postSolution
		{A37E12ED-098B-9BED-BCB8-F18FB3F7071C}.Debug|Any CPU.ActiveCfg = Debug|Any CPU
		{A37E12ED-098B-9BED-BCB8-F18FB3F7071C}.Debug|Any CPU.Build.0 = Debug|Any CPU
		{A37E12ED-098B-9BED-BCB8-F18FB3F7071C}.Release|Any CPU.ActiveCfg = Release|Any CPU
		{A37E12ED-098B-9BED-BCB8-F18FB3F7071C}.Release|Any CPU.Build.0 = Release|Any CPU
		{2FBECB2B-80BC-18F4-2E02-63E7B31D072A}.Debug|Any CPU.ActiveCfg = Debug|Any CPU
		{2FBECB2B-80BC-18F4-2E02-63E7B31D072A}.Debug|Any CPU.Build.0 = Debug|Any CPU
		{2FBECB2B-80BC-18F4-2E02-63E7B31D072A}.Release|Any CPU.ActiveCfg = Release|Any CPU
		{2FBECB2B-80BC-18F4-2E02-63E7B31D072A}.Release|Any CPU.Build.0 = Release|Any CPU
		{B6EF9082-B5E4-782F-C980-AA60F83713E1}.Debug|Any CPU.ActiveCfg = Debug|Any CPU
		{B6EF9082-B5E4-782F-C980-AA60F83713E1}.Debug|Any CPU.Build.0 = Debug|Any CPU
		{B6EF9082-B5E4-782F-C980-AA60F83713E1}.Release|Any CPU.ActiveCfg = Release|Any CPU
		{B6EF9082-B5E4-782F-C980-AA60F83713E1}.Release|Any CPU.Build.0 = Release|Any CPU
		{D6F88116-7FEC-B0C1-008B-42A73904A21D}.Debug|Any CPU.ActiveCfg = Debug|Any CPU
		{D6F88116-7FEC-B0C1-008B-42A73904A21D}.Debug|Any CPU.Build.0 = Debug|Any CPU
		{D6F88116-7FEC-B0C1-008B-42A73904A21D}.Release|Any CPU.ActiveCfg = Release|Any CPU
		{D6F88116-7FEC-B0C1-008B-42A73904A21D}.Release|Any CPU.Build.0 = Release|Any CPU
	EndGlobalSection
	GlobalSection(SolutionProperties) = preSolution
		HideSolutionNode = FALSE
	EndGlobalSection
EndGlobal
